
Microsoft Visual Studio Solution File, Format Version 12.00
# Visual Studio 15
VisualStudioVersion = 15.0.27428.2011
MinimumVisualStudioVersion = 10.0.40219.1
Project("{2150E333-8FDC-42A3-9474-1A3956D46DE8}") = "script", "script", "{C9B5EA3A-DF1D-4000-BB92-DDB2C84C8340}"
	ProjectSection(SolutionItems) = preProject
		RunIt\runit.reg = RunIt\runit.reg
	EndProjectSection
EndProject
Project("{2150E333-8FDC-42A3-9474-1A3956D46DE8}") = "src", "src", "{7D5446B9-5EEC-49BB-A4C6-F29312435962}"
EndProject
Project("{FAE04EC0-301F-11D3-BF4B-00C04F79EFBC}") = "RunIt", "src\RunIt\RunIt.csproj", "{33DC513D-8B9D-400F-B0B2-96FA2E894093}"
EndProject
Project("{2150E333-8FDC-42A3-9474-1A3956D46DE8}") = "tests", "tests", "{392FE40A-0ACE-4A39-AE4B-A9DD3232C1A0}"
EndProject
Project("{FAE04EC0-301F-11D3-BF4B-00C04F79EFBC}") = "RunIt.Test", "tests\RunIt.Test\RunIt.Test.csproj", "{637FCED6-EB04-4B98-8828-FC0D81397A2F}"
EndProject
Global
	GlobalSection(SolutionConfigurationPlatforms) = preSolution
		Debug|Any CPU = Debug|Any CPU
		Release|Any CPU = Release|Any CPU
	EndGlobalSection
	GlobalSection(ProjectConfigurationPlatforms) = postSolution
		{33DC513D-8B9D-400F-B0B2-96FA2E894093}.Debug|Any CPU.ActiveCfg = Debug|Any CPU
		{33DC513D-8B9D-400F-B0B2-96FA2E894093}.Debug|Any CPU.Build.0 = Debug|Any CPU
		{33DC513D-8B9D-400F-B0B2-96FA2E894093}.Release|Any CPU.ActiveCfg = Release|Any CPU
		{33DC513D-8B9D-400F-B0B2-96FA2E894093}.Release|Any CPU.Build.0 = Release|Any CPU
		{637FCED6-EB04-4B98-8828-FC0D81397A2F}.Debug|Any CPU.ActiveCfg = Debug|Any CPU
		{637FCED6-EB04-4B98-8828-FC0D81397A2F}.Debug|Any CPU.Build.0 = Debug|Any CPU
		{637FCED6-EB04-4B98-8828-FC0D81397A2F}.Release|Any CPU.ActiveCfg = Release|Any CPU
		{637FCED6-EB04-4B98-8828-FC0D81397A2F}.Release|Any CPU.Build.0 = Release|Any CPU
	EndGlobalSection
	GlobalSection(SolutionProperties) = preSolution
		HideSolutionNode = FALSE
	EndGlobalSection
	GlobalSection(ExtensibilityGlobals) = postSolution
		SolutionGuid = {EEB782E5-35E9-4874-8A40-50A24B3CA8F8}
	EndGlobalSection
	GlobalSection(NestedProjects) = preSolution
		{33DC513D-8B9D-400F-B0B2-96FA2E894093} = {7D5446B9-5EEC-49BB-A4C6-F29312435962}
		{637FCED6-EB04-4B98-8828-FC0D81397A2F} = {392FE40A-0ACE-4A39-AE4B-A9DD3232C1A0}
	EndGlobalSection
EndGlobal
